
Microsoft Visual Studio Solution File, Format Version 12.00
# Visual Studio Version 17
VisualStudioVersion = 17.1.32210.238
MinimumVisualStudioVersion = 10.0.40219.1
Project("{FAE04EC0-301F-11D3-BF4B-00C04F79EFBC}") = "CarRent", "CarRent\CarRent.csproj", "{3D93DF86-3BB5-4B8A-8043-EC64C00CA977}"
EndProject
Global
	GlobalSection(SolutionConfigurationPlatforms) = preSolution
		Debug|Any CPU = Debug|Any CPU
		Release|Any CPU = Release|Any CPU
	EndGlobalSection
	GlobalSection(ProjectConfigurationPlatforms) = postSolution
		{3D93DF86-3BB5-4B8A-8043-EC64C00CA977}.Debug|Any CPU.ActiveCfg = Debug|Any CPU
		{3D93DF86-3BB5-4B8A-8043-EC64C00CA977}.Debug|Any CPU.Build.0 = Debug|Any CPU
		{3D93DF86-3BB5-4B8A-8043-EC64C00CA977}.Release|Any CPU.ActiveCfg = Release|Any CPU
		{3D93DF86-3BB5-4B8A-8043-EC64C00CA977}.Release|Any CPU.Build.0 = Release|Any CPU
	EndGlobalSection
	GlobalSection(SolutionProperties) = preSolution
		HideSolutionNode = FALSE
	EndGlobalSection
	GlobalSection(ExtensibilityGlobals) = postSolution
		SolutionGuid = {4BEA9642-2179-4DD4-9E26-BE1A87559C97}
	EndGlobalSection
EndGlobal
